// !$*UTF8*$!
{
	archiveVersion = 1;
	classes = {
	};
	objectVersion = 46;
	objects = {

/* Begin PBXBuildFile section */
		13059BAD1FE8E38100DE2503 /* FBSDKShareKit.framework in Frameworks */ = {isa = PBXBuildFile; fileRef = 13059BA91FE8E38000DE2503 /* FBSDKShareKit.framework */; };
		13059BAE1FE8E38100DE2503 /* FBSDKLoginKit.framework in Frameworks */ = {isa = PBXBuildFile; fileRef = 13059BAA1FE8E38000DE2503 /* FBSDKLoginKit.framework */; };
		13059BAF1FE8E38100DE2503 /* ParseFacebookUtilsV4.framework in Frameworks */ = {isa = PBXBuildFile; fileRef = 13059BAB1FE8E38100DE2503 /* ParseFacebookUtilsV4.framework */; };
		13059BB01FE8E38100DE2503 /* FBSDKCoreKit.framework in Frameworks */ = {isa = PBXBuildFile; fileRef = 13059BAC1FE8E38100DE2503 /* FBSDKCoreKit.framework */; };
		13059BB31FE8E38900DE2503 /* Parse.framework in Frameworks */ = {isa = PBXBuildFile; fileRef = 13059BB11FE8E38900DE2503 /* Parse.framework */; };
		13059BB41FE8E38900DE2503 /* Bolts.framework in Frameworks */ = {isa = PBXBuildFile; fileRef = 13059BB21FE8E38900DE2503 /* Bolts.framework */; };
		13059BB61FE8E55800DE2503 /* GoogleMobileAds.framework in Frameworks */ = {isa = PBXBuildFile; fileRef = 13059BB51FE8E55800DE2503 /* GoogleMobileAds.framework */; };
		13059BB81FE8EF2000DE2503 /* Account.swift in Sources */ = {isa = PBXBuildFile; fileRef = 13059BB71FE8EF2000DE2503 /* Account.swift */; };
		13059BBA1FEA5A0F00DE2503 /* Following.swift in Sources */ = {isa = PBXBuildFile; fileRef = 13059BB91FEA5A0F00DE2503 /* Following.swift */; };
		13059BBC1FEA945100DE2503 /* AddStream.swift in Sources */ = {isa = PBXBuildFile; fileRef = 13059BBB1FEA945100DE2503 /* AddStream.swift */; };
		13059BC01FEABE9000DE2503 /* recording.gif in Resources */ = {isa = PBXBuildFile; fileRef = 13059BBF1FEABE8F00DE2503 /* recording.gif */; };
		13059BC21FEBA7DA00DE2503 /* Stickers.swift in Sources */ = {isa = PBXBuildFile; fileRef = 13059BC11FEBA7DA00DE2503 /* Stickers.swift */; };
		13059BC41FEBC1F200DE2503 /* StreamDetails.swift in Sources */ = {isa = PBXBuildFile; fileRef = 13059BC31FEBC1F200DE2503 /* StreamDetails.swift */; };
		13059BC71FEBF86B00DE2503 /* OtherUserProfile.swift in Sources */ = {isa = PBXBuildFile; fileRef = 13059BC61FEBF86B00DE2503 /* OtherUserProfile.swift */; };
		13059BC91FEBFF4300DE2503 /* Comments.swift in Sources */ = {isa = PBXBuildFile; fileRef = 13059BC81FEBFF4300DE2503 /* Comments.swift */; };
		131E715F1FF37804002F61E2 /* Search.swift in Sources */ = {isa = PBXBuildFile; fileRef = 131E715E1FF37804002F61E2 /* Search.swift */; };
		132E440B200A143E000EB4C4 /* Inbox.swift in Sources */ = {isa = PBXBuildFile; fileRef = 132E4409200A143B000EB4C4 /* Inbox.swift */; };
		132E440C200A143E000EB4C4 /* Messages.swift in Sources */ = {isa = PBXBuildFile; fileRef = 132E440A200A143C000EB4C4 /* Messages.swift */; };
		135B17D51F4C2E9400177BB9 /* Intro.swift in Sources */ = {isa = PBXBuildFile; fileRef = 135B17D41F4C2E9400177BB9 /* Intro.swift */; };
		139FE4421FF3A8B800707246 /* Statistics.swift in Sources */ = {isa = PBXBuildFile; fileRef = 139FE4411FF3A8B800707246 /* Statistics.swift */; };
		139FE4441FF3D0B700707246 /* Settings.swift in Sources */ = {isa = PBXBuildFile; fileRef = 139FE4431FF3D0B700707246 /* Settings.swift */; };
		139FE4461FF3DEC700707246 /* EditProfile.swift in Sources */ = {isa = PBXBuildFile; fileRef = 139FE4451FF3DEC700707246 /* EditProfile.swift */; };
		139FE4481FF3FAA800707246 /* Activity.swift in Sources */ = {isa = PBXBuildFile; fileRef = 139FE4471FF3FAA800707246 /* Activity.swift */; };
		13A979341FF0C9FC0030E49B /* Follow.swift in Sources */ = {isa = PBXBuildFile; fileRef = 13A979331FF0C9FC0030E49B /* Follow.swift */; };
		4FAC006A222BE4BC000B94C3 /* Password.swift in Sources */ = {isa = PBXBuildFile; fileRef = 4FAC0069222BE4BC000B94C3 /* Password.swift */; };
		4FD2C75A222DCF0D00375AA3 /* Beginning.swift in Sources */ = {isa = PBXBuildFile; fileRef = 4FD2C759222DCF0D00375AA3 /* Beginning.swift */; };
		7230748B1C52375100C5DF7E /* AudioToolbox.framework in Frameworks */ = {isa = PBXBuildFile; fileRef = 7230748A1C52375100C5DF7E /* AudioToolbox.framework */; };
		7230748D1C52375600C5DF7E /* CFNetwork.framework in Frameworks */ = {isa = PBXBuildFile; fileRef = 7230748C1C52375600C5DF7E /* CFNetwork.framework */; };
		7230748F1C52375A00C5DF7E /* CoreLocation.framework in Frameworks */ = {isa = PBXBuildFile; fileRef = 7230748E1C52375A00C5DF7E /* CoreLocation.framework */; };
		723074911C52376100C5DF7E /* CoreGraphics.framework in Frameworks */ = {isa = PBXBuildFile; fileRef = 723074901C52376100C5DF7E /* CoreGraphics.framework */; };
		723074931C52376600C5DF7E /* MobileCoreServices.framework in Frameworks */ = {isa = PBXBuildFile; fileRef = 723074921C52376600C5DF7E /* MobileCoreServices.framework */; };
		723074951C52376A00C5DF7E /* QuartzCore.framework in Frameworks */ = {isa = PBXBuildFile; fileRef = 723074941C52376A00C5DF7E /* QuartzCore.framework */; };
		723074971C52376F00C5DF7E /* Security.framework in Frameworks */ = {isa = PBXBuildFile; fileRef = 723074961C52376F00C5DF7E /* Security.framework */; };
		7230749B1C52377800C5DF7E /* SystemConfiguration.framework in Frameworks */ = {isa = PBXBuildFile; fileRef = 7230749A1C52377800C5DF7E /* SystemConfiguration.framework */; };
		7230749D1C52377C00C5DF7E /* libz.tbd in Frameworks */ = {isa = PBXBuildFile; fileRef = 7230749C1C52377C00C5DF7E /* libz.tbd */; };
		7230749F1C52378000C5DF7E /* libsqlite3.tbd in Frameworks */ = {isa = PBXBuildFile; fileRef = 7230749E1C52378000C5DF7E /* libsqlite3.tbd */; };
		724B97041C522DF200F7704D /* AppDelegate.swift in Sources */ = {isa = PBXBuildFile; fileRef = 724B97031C522DF200F7704D /* AppDelegate.swift */; };
		724B97091C522DF200F7704D /* Main.storyboard in Resources */ = {isa = PBXBuildFile; fileRef = 724B97071C522DF200F7704D /* Main.storyboard */; };
		724B970B1C522DF200F7704D /* Assets.xcassets in Resources */ = {isa = PBXBuildFile; fileRef = 724B970A1C522DF200F7704D /* Assets.xcassets */; };
		724B97191C522E6D00F7704D /* Login.swift in Sources */ = {isa = PBXBuildFile; fileRef = 724B97151C522E6D00F7704D /* Login.swift */; };
		724B971A1C522E6D00F7704D /* SignUp.swift in Sources */ = {isa = PBXBuildFile; fileRef = 724B97161C522E6D00F7704D /* SignUp.swift */; };
		724B971B1C522E6D00F7704D /* TermsOfUse.swift in Sources */ = {isa = PBXBuildFile; fileRef = 724B97171C522E6D00F7704D /* TermsOfUse.swift */; };
		724B971C1C522E6D00F7704D /* tou.html in Resources */ = {isa = PBXBuildFile; fileRef = 724B97181C522E6D00F7704D /* tou.html */; };
		7295FD211CEB424A008F0367 /* Titillium-Black.otf in Resources */ = {isa = PBXBuildFile; fileRef = 7295FD111CEB424A008F0367 /* Titillium-Black.otf */; };
		7295FD221CEB424A008F0367 /* Titillium-Bold.otf in Resources */ = {isa = PBXBuildFile; fileRef = 7295FD121CEB424A008F0367 /* Titillium-Bold.otf */; };
		7295FD231CEB424A008F0367 /* Titillium-BoldItalic.otf in Resources */ = {isa = PBXBuildFile; fileRef = 7295FD131CEB424A008F0367 /* Titillium-BoldItalic.otf */; };
		7295FD241CEB424A008F0367 /* Titillium-BoldUpright.otf in Resources */ = {isa = PBXBuildFile; fileRef = 7295FD141CEB424A008F0367 /* Titillium-BoldUpright.otf */; };
		7295FD251CEB424A008F0367 /* Titillium-Light.otf in Resources */ = {isa = PBXBuildFile; fileRef = 7295FD151CEB424A008F0367 /* Titillium-Light.otf */; };
		7295FD261CEB424A008F0367 /* Titillium-LightItalic.otf in Resources */ = {isa = PBXBuildFile; fileRef = 7295FD161CEB424A008F0367 /* Titillium-LightItalic.otf */; };
		7295FD271CEB424A008F0367 /* Titillium-LightUpright.otf in Resources */ = {isa = PBXBuildFile; fileRef = 7295FD171CEB424A008F0367 /* Titillium-LightUpright.otf */; };
		7295FD281CEB424A008F0367 /* Titillium-Regular.otf in Resources */ = {isa = PBXBuildFile; fileRef = 7295FD181CEB424A008F0367 /* Titillium-Regular.otf */; };
		7295FD291CEB424A008F0367 /* Titillium-RegularItalic.otf in Resources */ = {isa = PBXBuildFile; fileRef = 7295FD191CEB424A008F0367 /* Titillium-RegularItalic.otf */; };
		7295FD2A1CEB424A008F0367 /* Titillium-RegularUpright.otf in Resources */ = {isa = PBXBuildFile; fileRef = 7295FD1A1CEB424A008F0367 /* Titillium-RegularUpright.otf */; };
		7295FD2B1CEB424A008F0367 /* Titillium-Semibold.otf in Resources */ = {isa = PBXBuildFile; fileRef = 7295FD1B1CEB424A008F0367 /* Titillium-Semibold.otf */; };
		7295FD2C1CEB424A008F0367 /* Titillium-SemiboldItalic.otf in Resources */ = {isa = PBXBuildFile; fileRef = 7295FD1C1CEB424A008F0367 /* Titillium-SemiboldItalic.otf */; };
		7295FD2D1CEB424A008F0367 /* Titillium-SemiboldUpright.otf in Resources */ = {isa = PBXBuildFile; fileRef = 7295FD1D1CEB424A008F0367 /* Titillium-SemiboldUpright.otf */; };
		7295FD2E1CEB424A008F0367 /* Titillium-Thin.otf in Resources */ = {isa = PBXBuildFile; fileRef = 7295FD1E1CEB424A008F0367 /* Titillium-Thin.otf */; };
		7295FD2F1CEB424A008F0367 /* Titillium-ThinItalic.otf in Resources */ = {isa = PBXBuildFile; fileRef = 7295FD1F1CEB424A008F0367 /* Titillium-ThinItalic.otf */; };
		7295FD301CEB424A008F0367 /* Titillium-ThinUpright.otf in Resources */ = {isa = PBXBuildFile; fileRef = 7295FD201CEB424A008F0367 /* Titillium-ThinUpright.otf */; };
		72AF49511C522F9700C79F5E /* Configs.swift in Sources */ = {isa = PBXBuildFile; fileRef = 72AF49501C522F9700C79F5E /* Configs.swift */; };
		72FD72151D37D879008CE6AE /* AdSupport.framework in Frameworks */ = {isa = PBXBuildFile; fileRef = 72FD72141D37D879008CE6AE /* AdSupport.framework */; };
		72FD72171D37D880008CE6AE /* AVFoundation.framework in Frameworks */ = {isa = PBXBuildFile; fileRef = 72FD72161D37D880008CE6AE /* AVFoundation.framework */; };
		72FD72191D37D887008CE6AE /* CoreMedia.framework in Frameworks */ = {isa = PBXBuildFile; fileRef = 72FD72181D37D887008CE6AE /* CoreMedia.framework */; };
		72FD721B1D37D88C008CE6AE /* CoreTelephony.framework in Frameworks */ = {isa = PBXBuildFile; fileRef = 72FD721A1D37D88C008CE6AE /* CoreTelephony.framework */; };
		72FD721D1D37D891008CE6AE /* EventKit.framework in Frameworks */ = {isa = PBXBuildFile; fileRef = 72FD721C1D37D891008CE6AE /* EventKit.framework */; };
		72FD721F1D37D895008CE6AE /* EventKitUI.framework in Frameworks */ = {isa = PBXBuildFile; fileRef = 72FD721E1D37D895008CE6AE /* EventKitUI.framework */; };
		72FD72211D37D89B008CE6AE /* MessageUI.framework in Frameworks */ = {isa = PBXBuildFile; fileRef = 72FD72201D37D89B008CE6AE /* MessageUI.framework */; };
		72FD72231D37D8D4008CE6AE /* Home.swift in Sources */ = {isa = PBXBuildFile; fileRef = 72FD72221D37D8D4008CE6AE /* Home.swift */; };
/* End PBXBuildFile section */

/* Begin PBXFileReference section */
		13059BA91FE8E38000DE2503 /* FBSDKShareKit.framework */ = {isa = PBXFileReference; lastKnownFileType = wrapper.framework; name = FBSDKShareKit.framework; path = MyStream/Facebook/FBSDKShareKit.framework; sourceTree = "<group>"; };
		13059BAA1FE8E38000DE2503 /* FBSDKLoginKit.framework */ = {isa = PBXFileReference; lastKnownFileType = wrapper.framework; name = FBSDKLoginKit.framework; path = MyStream/Facebook/FBSDKLoginKit.framework; sourceTree = "<group>"; };
		13059BAB1FE8E38100DE2503 /* ParseFacebookUtilsV4.framework */ = {isa = PBXFileReference; lastKnownFileType = wrapper.framework; name = ParseFacebookUtilsV4.framework; path = MyStream/Facebook/ParseFacebookUtilsV4.framework; sourceTree = "<group>"; };
		13059BAC1FE8E38100DE2503 /* FBSDKCoreKit.framework */ = {isa = PBXFileReference; lastKnownFileType = wrapper.framework; name = FBSDKCoreKit.framework; path = MyStream/Facebook/FBSDKCoreKit.framework; sourceTree = "<group>"; };
		13059BB11FE8E38900DE2503 /* Parse.framework */ = {isa = PBXFileReference; lastKnownFileType = wrapper.framework; name = Parse.framework; path = MyStream/Parse/Parse.framework; sourceTree = "<group>"; };
		13059BB21FE8E38900DE2503 /* Bolts.framework */ = {isa = PBXFileReference; lastKnownFileType = wrapper.framework; name = Bolts.framework; path = MyStream/Parse/Bolts.framework; sourceTree = "<group>"; };
		13059BB51FE8E55800DE2503 /* GoogleMobileAds.framework */ = {isa = PBXFileReference; lastKnownFileType = wrapper.framework; name = GoogleMobileAds.framework; path = MyStream/GoogleMobileAds.framework; sourceTree = "<group>"; };
		13059BB71FE8EF2000DE2503 /* Account.swift */ = {isa = PBXFileReference; lastKnownFileType = sourcecode.swift; path = Account.swift; sourceTree = "<group>"; };
		13059BB91FEA5A0F00DE2503 /* Following.swift */ = {isa = PBXFileReference; lastKnownFileType = sourcecode.swift; path = Following.swift; sourceTree = "<group>"; };
		13059BBB1FEA945100DE2503 /* AddStream.swift */ = {isa = PBXFileReference; lastKnownFileType = sourcecode.swift; path = AddStream.swift; sourceTree = "<group>"; };
		13059BBF1FEABE8F00DE2503 /* recording.gif */ = {isa = PBXFileReference; lastKnownFileType = image.gif; path = recording.gif; sourceTree = "<group>"; };
		13059BC11FEBA7DA00DE2503 /* Stickers.swift */ = {isa = PBXFileReference; lastKnownFileType = sourcecode.swift; path = Stickers.swift; sourceTree = "<group>"; };
		13059BC31FEBC1F200DE2503 /* StreamDetails.swift */ = {isa = PBXFileReference; lastKnownFileType = sourcecode.swift; path = StreamDetails.swift; sourceTree = "<group>"; };
		13059BC51FEBEED200DE2503 /* MyStream.entitlements */ = {isa = PBXFileReference; lastKnownFileType = text.plist.entitlements; path = MyStream.entitlements; sourceTree = "<group>"; };
		13059BC61FEBF86B00DE2503 /* OtherUserProfile.swift */ = {isa = PBXFileReference; lastKnownFileType = sourcecode.swift; path = OtherUserProfile.swift; sourceTree = "<group>"; };
		13059BC81FEBFF4300DE2503 /* Comments.swift */ = {isa = PBXFileReference; lastKnownFileType = sourcecode.swift; path = Comments.swift; sourceTree = "<group>"; };
		131E715E1FF37804002F61E2 /* Search.swift */ = {isa = PBXFileReference; lastKnownFileType = sourcecode.swift; path = Search.swift; sourceTree = "<group>"; };
		132E4409200A143B000EB4C4 /* Inbox.swift */ = {isa = PBXFileReference; fileEncoding = 4; lastKnownFileType = sourcecode.swift; path = Inbox.swift; sourceTree = "<group>"; };
		132E440A200A143C000EB4C4 /* Messages.swift */ = {isa = PBXFileReference; fileEncoding = 4; lastKnownFileType = sourcecode.swift; path = Messages.swift; sourceTree = "<group>"; };
		135B17D41F4C2E9400177BB9 /* Intro.swift */ = {isa = PBXFileReference; fileEncoding = 4; lastKnownFileType = sourcecode.swift; path = Intro.swift; sourceTree = "<group>"; };
		139FE4411FF3A8B800707246 /* Statistics.swift */ = {isa = PBXFileReference; lastKnownFileType = sourcecode.swift; path = Statistics.swift; sourceTree = "<group>"; };
		139FE4431FF3D0B700707246 /* Settings.swift */ = {isa = PBXFileReference; lastKnownFileType = sourcecode.swift; path = Settings.swift; sourceTree = "<group>"; };
		139FE4451FF3DEC700707246 /* EditProfile.swift */ = {isa = PBXFileReference; lastKnownFileType = sourcecode.swift; path = EditProfile.swift; sourceTree = "<group>"; };
		139FE4471FF3FAA800707246 /* Activity.swift */ = {isa = PBXFileReference; lastKnownFileType = sourcecode.swift; path = Activity.swift; sourceTree = "<group>"; };
		13A979331FF0C9FC0030E49B /* Follow.swift */ = {isa = PBXFileReference; lastKnownFileType = sourcecode.swift; path = Follow.swift; sourceTree = "<group>"; };
		4FAC0069222BE4BC000B94C3 /* Password.swift */ = {isa = PBXFileReference; lastKnownFileType = sourcecode.swift; path = Password.swift; sourceTree = "<group>"; };
		4FD2C759222DCF0D00375AA3 /* Beginning.swift */ = {isa = PBXFileReference; lastKnownFileType = sourcecode.swift; path = Beginning.swift; sourceTree = "<group>"; };
		7230748A1C52375100C5DF7E /* AudioToolbox.framework */ = {isa = PBXFileReference; lastKnownFileType = wrapper.framework; name = AudioToolbox.framework; path = System/Library/Frameworks/AudioToolbox.framework; sourceTree = SDKROOT; };
		7230748C1C52375600C5DF7E /* CFNetwork.framework */ = {isa = PBXFileReference; lastKnownFileType = wrapper.framework; name = CFNetwork.framework; path = System/Library/Frameworks/CFNetwork.framework; sourceTree = SDKROOT; };
		7230748E1C52375A00C5DF7E /* CoreLocation.framework */ = {isa = PBXFileReference; lastKnownFileType = wrapper.framework; name = CoreLocation.framework; path = System/Library/Frameworks/CoreLocation.framework; sourceTree = SDKROOT; };
		723074901C52376100C5DF7E /* CoreGraphics.framework */ = {isa = PBXFileReference; lastKnownFileType = wrapper.framework; name = CoreGraphics.framework; path = System/Library/Frameworks/CoreGraphics.framework; sourceTree = SDKROOT; };
		723074921C52376600C5DF7E /* MobileCoreServices.framework */ = {isa = PBXFileReference; lastKnownFileType = wrapper.framework; name = MobileCoreServices.framework; path = System/Library/Frameworks/MobileCoreServices.framework; sourceTree = SDKROOT; };
		723074941C52376A00C5DF7E /* QuartzCore.framework */ = {isa = PBXFileReference; lastKnownFileType = wrapper.framework; name = QuartzCore.framework; path = System/Library/Frameworks/QuartzCore.framework; sourceTree = SDKROOT; };
		723074961C52376F00C5DF7E /* Security.framework */ = {isa = PBXFileReference; lastKnownFileType = wrapper.framework; name = Security.framework; path = System/Library/Frameworks/Security.framework; sourceTree = SDKROOT; };
		7230749A1C52377800C5DF7E /* SystemConfiguration.framework */ = {isa = PBXFileReference; lastKnownFileType = wrapper.framework; name = SystemConfiguration.framework; path = System/Library/Frameworks/SystemConfiguration.framework; sourceTree = SDKROOT; };
		7230749C1C52377C00C5DF7E /* libz.tbd */ = {isa = PBXFileReference; lastKnownFileType = "sourcecode.text-based-dylib-definition"; name = libz.tbd; path = usr/lib/libz.tbd; sourceTree = SDKROOT; };
		7230749E1C52378000C5DF7E /* libsqlite3.tbd */ = {isa = PBXFileReference; lastKnownFileType = "sourcecode.text-based-dylib-definition"; name = libsqlite3.tbd; path = usr/lib/libsqlite3.tbd; sourceTree = SDKROOT; };
		724B97001C522DF200F7704D /* Pet-Park.app */ = {isa = PBXFileReference; explicitFileType = wrapper.application; includeInIndex = 0; path = "Pet-Park.app"; sourceTree = BUILT_PRODUCTS_DIR; };
		724B97031C522DF200F7704D /* AppDelegate.swift */ = {isa = PBXFileReference; lastKnownFileType = sourcecode.swift; path = AppDelegate.swift; sourceTree = "<group>"; };
		724B97081C522DF200F7704D /* Base */ = {isa = PBXFileReference; lastKnownFileType = file.storyboard; name = Base; path = Base.lproj/Main.storyboard; sourceTree = "<group>"; };
		724B970A1C522DF200F7704D /* Assets.xcassets */ = {isa = PBXFileReference; lastKnownFileType = folder.assetcatalog; path = Assets.xcassets; sourceTree = "<group>"; };
		724B970F1C522DF200F7704D /* Info.plist */ = {isa = PBXFileReference; lastKnownFileType = text.plist.xml; path = Info.plist; sourceTree = "<group>"; };
		724B97151C522E6D00F7704D /* Login.swift */ = {isa = PBXFileReference; fileEncoding = 4; lastKnownFileType = sourcecode.swift; path = Login.swift; sourceTree = "<group>"; };
		724B97161C522E6D00F7704D /* SignUp.swift */ = {isa = PBXFileReference; fileEncoding = 4; lastKnownFileType = sourcecode.swift; path = SignUp.swift; sourceTree = "<group>"; };
		724B97171C522E6D00F7704D /* TermsOfUse.swift */ = {isa = PBXFileReference; fileEncoding = 4; lastKnownFileType = sourcecode.swift; path = TermsOfUse.swift; sourceTree = "<group>"; };
		724B97181C522E6D00F7704D /* tou.html */ = {isa = PBXFileReference; fileEncoding = 4; lastKnownFileType = text.html; path = tou.html; sourceTree = "<group>"; };
		7295FD111CEB424A008F0367 /* Titillium-Black.otf */ = {isa = PBXFileReference; lastKnownFileType = file; path = "Titillium-Black.otf"; sourceTree = "<group>"; };
		7295FD121CEB424A008F0367 /* Titillium-Bold.otf */ = {isa = PBXFileReference; lastKnownFileType = file; path = "Titillium-Bold.otf"; sourceTree = "<group>"; };
		7295FD131CEB424A008F0367 /* Titillium-BoldItalic.otf */ = {isa = PBXFileReference; lastKnownFileType = file; path = "Titillium-BoldItalic.otf"; sourceTree = "<group>"; };
		7295FD141CEB424A008F0367 /* Titillium-BoldUpright.otf */ = {isa = PBXFileReference; lastKnownFileType = file; path = "Titillium-BoldUpright.otf"; sourceTree = "<group>"; };
		7295FD151CEB424A008F0367 /* Titillium-Light.otf */ = {isa = PBXFileReference; lastKnownFileType = file; path = "Titillium-Light.otf"; sourceTree = "<group>"; };
		7295FD161CEB424A008F0367 /* Titillium-LightItalic.otf */ = {isa = PBXFileReference; lastKnownFileType = file; path = "Titillium-LightItalic.otf"; sourceTree = "<group>"; };
		7295FD171CEB424A008F0367 /* Titillium-LightUpright.otf */ = {isa = PBXFileReference; lastKnownFileType = file; path = "Titillium-LightUpright.otf"; sourceTree = "<group>"; };
		7295FD181CEB424A008F0367 /* Titillium-Regular.otf */ = {isa = PBXFileReference; lastKnownFileType = file; path = "Titillium-Regular.otf"; sourceTree = "<group>"; };
		7295FD191CEB424A008F0367 /* Titillium-RegularItalic.otf */ = {isa = PBXFileReference; lastKnownFileType = file; path = "Titillium-RegularItalic.otf"; sourceTree = "<group>"; };
		7295FD1A1CEB424A008F0367 /* Titillium-RegularUpright.otf */ = {isa = PBXFileReference; lastKnownFileType = file; path = "Titillium-RegularUpright.otf"; sourceTree = "<group>"; };
		7295FD1B1CEB424A008F0367 /* Titillium-Semibold.otf */ = {isa = PBXFileReference; lastKnownFileType = file; path = "Titillium-Semibold.otf"; sourceTree = "<group>"; };
		7295FD1C1CEB424A008F0367 /* Titillium-SemiboldItalic.otf */ = {isa = PBXFileReference; lastKnownFileType = file; path = "Titillium-SemiboldItalic.otf"; sourceTree = "<group>"; };
		7295FD1D1CEB424A008F0367 /* Titillium-SemiboldUpright.otf */ = {isa = PBXFileReference; lastKnownFileType = file; path = "Titillium-SemiboldUpright.otf"; sourceTree = "<group>"; };
		7295FD1E1CEB424A008F0367 /* Titillium-Thin.otf */ = {isa = PBXFileReference; lastKnownFileType = file; path = "Titillium-Thin.otf"; sourceTree = "<group>"; };
		7295FD1F1CEB424A008F0367 /* Titillium-ThinItalic.otf */ = {isa = PBXFileReference; lastKnownFileType = file; path = "Titillium-ThinItalic.otf"; sourceTree = "<group>"; };
		7295FD201CEB424A008F0367 /* Titillium-ThinUpright.otf */ = {isa = PBXFileReference; lastKnownFileType = file; path = "Titillium-ThinUpright.otf"; sourceTree = "<group>"; };
		72AF49501C522F9700C79F5E /* Configs.swift */ = {isa = PBXFileReference; fileEncoding = 4; lastKnownFileType = sourcecode.swift; path = Configs.swift; sourceTree = "<group>"; };
		72FD72141D37D879008CE6AE /* AdSupport.framework */ = {isa = PBXFileReference; lastKnownFileType = wrapper.framework; name = AdSupport.framework; path = System/Library/Frameworks/AdSupport.framework; sourceTree = SDKROOT; };
		72FD72161D37D880008CE6AE /* AVFoundation.framework */ = {isa = PBXFileReference; lastKnownFileType = wrapper.framework; name = AVFoundation.framework; path = System/Library/Frameworks/AVFoundation.framework; sourceTree = SDKROOT; };
		72FD72181D37D887008CE6AE /* CoreMedia.framework */ = {isa = PBXFileReference; lastKnownFileType = wrapper.framework; name = CoreMedia.framework; path = System/Library/Frameworks/CoreMedia.framework; sourceTree = SDKROOT; };
		72FD721A1D37D88C008CE6AE /* CoreTelephony.framework */ = {isa = PBXFileReference; lastKnownFileType = wrapper.framework; name = CoreTelephony.framework; path = System/Library/Frameworks/CoreTelephony.framework; sourceTree = SDKROOT; };
		72FD721C1D37D891008CE6AE /* EventKit.framework */ = {isa = PBXFileReference; lastKnownFileType = wrapper.framework; name = EventKit.framework; path = System/Library/Frameworks/EventKit.framework; sourceTree = SDKROOT; };
		72FD721E1D37D895008CE6AE /* EventKitUI.framework */ = {isa = PBXFileReference; lastKnownFileType = wrapper.framework; name = EventKitUI.framework; path = System/Library/Frameworks/EventKitUI.framework; sourceTree = SDKROOT; };
		72FD72201D37D89B008CE6AE /* MessageUI.framework */ = {isa = PBXFileReference; lastKnownFileType = wrapper.framework; name = MessageUI.framework; path = System/Library/Frameworks/MessageUI.framework; sourceTree = SDKROOT; };
		72FD72221D37D8D4008CE6AE /* Home.swift */ = {isa = PBXFileReference; fileEncoding = 4; lastKnownFileType = sourcecode.swift; path = Home.swift; sourceTree = "<group>"; };
/* End PBXFileReference section */

/* Begin PBXFrameworksBuildPhase section */
		724B96FD1C522DF200F7704D /* Frameworks */ = {
			isa = PBXFrameworksBuildPhase;
			buildActionMask = 2147483647;
			files = (
				72FD72211D37D89B008CE6AE /* MessageUI.framework in Frameworks */,
				72FD721F1D37D895008CE6AE /* EventKitUI.framework in Frameworks */,
				72FD721D1D37D891008CE6AE /* EventKit.framework in Frameworks */,
				72FD721B1D37D88C008CE6AE /* CoreTelephony.framework in Frameworks */,
				13059BB01FE8E38100DE2503 /* FBSDKCoreKit.framework in Frameworks */,
				72FD72191D37D887008CE6AE /* CoreMedia.framework in Frameworks */,
				13059BB31FE8E38900DE2503 /* Parse.framework in Frameworks */,
				72FD72171D37D880008CE6AE /* AVFoundation.framework in Frameworks */,
				72FD72151D37D879008CE6AE /* AdSupport.framework in Frameworks */,
				7230749B1C52377800C5DF7E /* SystemConfiguration.framework in Frameworks */,
				7230749F1C52378000C5DF7E /* libsqlite3.tbd in Frameworks */,
				7230749D1C52377C00C5DF7E /* libz.tbd in Frameworks */,
				723074971C52376F00C5DF7E /* Security.framework in Frameworks */,
				723074951C52376A00C5DF7E /* QuartzCore.framework in Frameworks */,
				723074931C52376600C5DF7E /* MobileCoreServices.framework in Frameworks */,
				13059BB41FE8E38900DE2503 /* Bolts.framework in Frameworks */,
				13059BAE1FE8E38100DE2503 /* FBSDKLoginKit.framework in Frameworks */,
				13059BAF1FE8E38100DE2503 /* ParseFacebookUtilsV4.framework in Frameworks */,
				13059BB61FE8E55800DE2503 /* GoogleMobileAds.framework in Frameworks */,
				723074911C52376100C5DF7E /* CoreGraphics.framework in Frameworks */,
				13059BAD1FE8E38100DE2503 /* FBSDKShareKit.framework in Frameworks */,
				7230748F1C52375A00C5DF7E /* CoreLocation.framework in Frameworks */,
				7230748D1C52375600C5DF7E /* CFNetwork.framework in Frameworks */,
				7230748B1C52375100C5DF7E /* AudioToolbox.framework in Frameworks */,
			);
			runOnlyForDeploymentPostprocessing = 0;
		};
/* End PBXFrameworksBuildPhase section */

/* Begin PBXGroup section */
		723074A61C5237A600C5DF7E /* Frameworks */ = {
			isa = PBXGroup;
			children = (
				13059BB51FE8E55800DE2503 /* GoogleMobileAds.framework */,
				13059BB21FE8E38900DE2503 /* Bolts.framework */,
				13059BB11FE8E38900DE2503 /* Parse.framework */,
				13059BAC1FE8E38100DE2503 /* FBSDKCoreKit.framework */,
				13059BAA1FE8E38000DE2503 /* FBSDKLoginKit.framework */,
				13059BA91FE8E38000DE2503 /* FBSDKShareKit.framework */,
				13059BAB1FE8E38100DE2503 /* ParseFacebookUtilsV4.framework */,
				72FD72201D37D89B008CE6AE /* MessageUI.framework */,
				72FD721E1D37D895008CE6AE /* EventKitUI.framework */,
				72FD721C1D37D891008CE6AE /* EventKit.framework */,
				72FD721A1D37D88C008CE6AE /* CoreTelephony.framework */,
				72FD72181D37D887008CE6AE /* CoreMedia.framework */,
				72FD72161D37D880008CE6AE /* AVFoundation.framework */,
				72FD72141D37D879008CE6AE /* AdSupport.framework */,
				7230749E1C52378000C5DF7E /* libsqlite3.tbd */,
				7230749C1C52377C00C5DF7E /* libz.tbd */,
				7230749A1C52377800C5DF7E /* SystemConfiguration.framework */,
				723074961C52376F00C5DF7E /* Security.framework */,
				723074941C52376A00C5DF7E /* QuartzCore.framework */,
				723074921C52376600C5DF7E /* MobileCoreServices.framework */,
				723074901C52376100C5DF7E /* CoreGraphics.framework */,
				7230748E1C52375A00C5DF7E /* CoreLocation.framework */,
				7230748C1C52375600C5DF7E /* CFNetwork.framework */,
				7230748A1C52375100C5DF7E /* AudioToolbox.framework */,
			);
			name = Frameworks;
			path = ..;
			sourceTree = "<group>";
		};
		724B96F71C522DF100F7704D = {
			isa = PBXGroup;
			children = (
				724B97021C522DF200F7704D /* Pet-Park */,
				724B97011C522DF200F7704D /* Products */,
			);
			sourceTree = "<group>";
		};
		724B97011C522DF200F7704D /* Products */ = {
			isa = PBXGroup;
			children = (
				724B97001C522DF200F7704D /* Pet-Park.app */,
			);
			name = Products;
			sourceTree = "<group>";
		};
		724B97021C522DF200F7704D /* Pet-Park */ = {
			isa = PBXGroup;
			children = (
				13059BC51FEBEED200DE2503 /* MyStream.entitlements */,
				724B97031C522DF200F7704D /* AppDelegate.swift */,
				72AF49501C522F9700C79F5E /* Configs.swift */,
				724B97071C522DF200F7704D /* Main.storyboard */,
				4FD2C759222DCF0D00375AA3 /* Beginning.swift */,
				4FAC0069222BE4BC000B94C3 /* Password.swift */,
				72FD72221D37D8D4008CE6AE /* Home.swift */,
				131E715E1FF37804002F61E2 /* Search.swift */,
				13059BBB1FEA945100DE2503 /* AddStream.swift */,
				13059BC11FEBA7DA00DE2503 /* Stickers.swift */,
				13059BB91FEA5A0F00DE2503 /* Following.swift */,
				13059BC31FEBC1F200DE2503 /* StreamDetails.swift */,
				13059BC81FEBFF4300DE2503 /* Comments.swift */,
				13059BC61FEBF86B00DE2503 /* OtherUserProfile.swift */,
				13A979331FF0C9FC0030E49B /* Follow.swift */,
				13059BB71FE8EF2000DE2503 /* Account.swift */,
				132E440A200A143C000EB4C4 /* Messages.swift */,
				132E4409200A143B000EB4C4 /* Inbox.swift */,
				139FE4411FF3A8B800707246 /* Statistics.swift */,
				139FE4431FF3D0B700707246 /* Settings.swift */,
				139FE4451FF3DEC700707246 /* EditProfile.swift */,
				139FE4471FF3FAA800707246 /* Activity.swift */,
				724B971D1C522E7000F7704D /* Login-SignUp */,
				724B970A1C522DF200F7704D /* Assets.xcassets */,
				13059BBF1FEABE8F00DE2503 /* recording.gif */,
				7295FD101CEB424A008F0367 /* Titillium Font */,
				723074A61C5237A600C5DF7E /* Frameworks */,
				724B970F1C522DF200F7704D /* Info.plist */,
			);
			path = "Pet-Park";
			sourceTree = "<group>";
		};
		724B971D1C522E7000F7704D /* Login-SignUp */ = {
			isa = PBXGroup;
			children = (
				135B17D41F4C2E9400177BB9 /* Intro.swift */,
				724B97151C522E6D00F7704D /* Login.swift */,
				724B97161C522E6D00F7704D /* SignUp.swift */,
				724B97171C522E6D00F7704D /* TermsOfUse.swift */,
				724B97181C522E6D00F7704D /* tou.html */,
			);
			name = "Login-SignUp";
			sourceTree = "<group>";
		};
		7295FD101CEB424A008F0367 /* Titillium Font */ = {
			isa = PBXGroup;
			children = (
				7295FD111CEB424A008F0367 /* Titillium-Black.otf */,
				7295FD121CEB424A008F0367 /* Titillium-Bold.otf */,
				7295FD131CEB424A008F0367 /* Titillium-BoldItalic.otf */,
				7295FD141CEB424A008F0367 /* Titillium-BoldUpright.otf */,
				7295FD151CEB424A008F0367 /* Titillium-Light.otf */,
				7295FD161CEB424A008F0367 /* Titillium-LightItalic.otf */,
				7295FD171CEB424A008F0367 /* Titillium-LightUpright.otf */,
				7295FD181CEB424A008F0367 /* Titillium-Regular.otf */,
				7295FD191CEB424A008F0367 /* Titillium-RegularItalic.otf */,
				7295FD1A1CEB424A008F0367 /* Titillium-RegularUpright.otf */,
				7295FD1B1CEB424A008F0367 /* Titillium-Semibold.otf */,
				7295FD1C1CEB424A008F0367 /* Titillium-SemiboldItalic.otf */,
				7295FD1D1CEB424A008F0367 /* Titillium-SemiboldUpright.otf */,
				7295FD1E1CEB424A008F0367 /* Titillium-Thin.otf */,
				7295FD1F1CEB424A008F0367 /* Titillium-ThinItalic.otf */,
				7295FD201CEB424A008F0367 /* Titillium-ThinUpright.otf */,
			);
			path = "Titillium Font";
			sourceTree = "<group>";
		};
/* End PBXGroup section */

/* Begin PBXNativeTarget section */
		724B96FF1C522DF200F7704D /* Pet-Park */ = {
			isa = PBXNativeTarget;
			buildConfigurationList = 724B97121C522DF200F7704D /* Build configuration list for PBXNativeTarget "Pet-Park" */;
			buildPhases = (
				724B96FC1C522DF200F7704D /* Sources */,
				724B96FD1C522DF200F7704D /* Frameworks */,
				724B96FE1C522DF200F7704D /* Resources */,
			);
			buildRules = (
			);
			dependencies = (
			);
			name = "Pet-Park";
			productName = ParseDemo;
			productReference = 724B97001C522DF200F7704D /* Pet-Park.app */;
			productType = "com.apple.product-type.application";
		};
/* End PBXNativeTarget section */

/* Begin PBXProject section */
		724B96F81C522DF100F7704D /* Project object */ = {
			isa = PBXProject;
			attributes = {
				LastSwiftUpdateCheck = 0720;
				LastUpgradeCheck = 0930;
				ORGANIZATIONNAME = "FV iMAGINATION";
				TargetAttributes = {
					724B96FF1C522DF200F7704D = {
						CreatedOnToolsVersion = 7.2;
						DevelopmentTeam = GVEN2YP574;
						LastSwiftMigration = 0900;
						SystemCapabilities = {
							com.apple.BackgroundModes = {
								enabled = 0;
							};
							com.apple.InAppPurchase = {
								enabled = 0;
							};
							com.apple.Push = {
								enabled = 1;
							};
						};
					};
				};
			};
			buildConfigurationList = 724B96FB1C522DF100F7704D /* Build configuration list for PBXProject "Pet-Park" */;
			compatibilityVersion = "Xcode 3.2";
			developmentRegion = English;
			hasScannedForEncodings = 0;
			knownRegions = (
				en,
				Base,
			);
			mainGroup = 724B96F71C522DF100F7704D;
			productRefGroup = 724B97011C522DF200F7704D /* Products */;
			projectDirPath = "";
			projectRoot = "";
			targets = (
				724B96FF1C522DF200F7704D /* Pet-Park */,
			);
		};
/* End PBXProject section */

/* Begin PBXResourcesBuildPhase section */
		724B96FE1C522DF200F7704D /* Resources */ = {
			isa = PBXResourcesBuildPhase;
			buildActionMask = 2147483647;
			files = (
				7295FD2D1CEB424A008F0367 /* Titillium-SemiboldUpright.otf in Resources */,
				7295FD2B1CEB424A008F0367 /* Titillium-Semibold.otf in Resources */,
				7295FD291CEB424A008F0367 /* Titillium-RegularItalic.otf in Resources */,
				7295FD271CEB424A008F0367 /* Titillium-LightUpright.otf in Resources */,
				7295FD261CEB424A008F0367 /* Titillium-LightItalic.otf in Resources */,
				7295FD2E1CEB424A008F0367 /* Titillium-Thin.otf in Resources */,
				7295FD281CEB424A008F0367 /* Titillium-Regular.otf in Resources */,
				7295FD231CEB424A008F0367 /* Titillium-BoldItalic.otf in Resources */,
				724B970B1C522DF200F7704D /* Assets.xcassets in Resources */,
				7295FD221CEB424A008F0367 /* Titillium-Bold.otf in Resources */,
				7295FD2C1CEB424A008F0367 /* Titillium-SemiboldItalic.otf in Resources */,
				7295FD211CEB424A008F0367 /* Titillium-Black.otf in Resources */,
				7295FD301CEB424A008F0367 /* Titillium-ThinUpright.otf in Resources */,
				7295FD251CEB424A008F0367 /* Titillium-Light.otf in Resources */,
				724B97091C522DF200F7704D /* Main.storyboard in Resources */,
				7295FD2F1CEB424A008F0367 /* Titillium-ThinItalic.otf in Resources */,
				7295FD2A1CEB424A008F0367 /* Titillium-RegularUpright.otf in Resources */,
				7295FD241CEB424A008F0367 /* Titillium-BoldUpright.otf in Resources */,
				13059BC01FEABE9000DE2503 /* recording.gif in Resources */,
				724B971C1C522E6D00F7704D /* tou.html in Resources */,
			);
			runOnlyForDeploymentPostprocessing = 0;
		};
/* End PBXResourcesBuildPhase section */

/* Begin PBXSourcesBuildPhase section */
		724B96FC1C522DF200F7704D /* Sources */ = {
			isa = PBXSourcesBuildPhase;
			buildActionMask = 2147483647;
			files = (
				13A979341FF0C9FC0030E49B /* Follow.swift in Sources */,
				13059BC71FEBF86B00DE2503 /* OtherUserProfile.swift in Sources */,
				72AF49511C522F9700C79F5E /* Configs.swift in Sources */,
				4FD2C75A222DCF0D00375AA3 /* Beginning.swift in Sources */,
				132E440C200A143E000EB4C4 /* Messages.swift in Sources */,
				13059BBC1FEA945100DE2503 /* AddStream.swift in Sources */,
				13059BC91FEBFF4300DE2503 /* Comments.swift in Sources */,
				13059BBA1FEA5A0F00DE2503 /* Following.swift in Sources */,
				139FE4441FF3D0B700707246 /* Settings.swift in Sources */,
				724B971B1C522E6D00F7704D /* TermsOfUse.swift in Sources */,
				13059BC21FEBA7DA00DE2503 /* Stickers.swift in Sources */,
				724B97041C522DF200F7704D /* AppDelegate.swift in Sources */,
				139FE4481FF3FAA800707246 /* Activity.swift in Sources */,
				724B971A1C522E6D00F7704D /* SignUp.swift in Sources */,
				139FE4461FF3DEC700707246 /* EditProfile.swift in Sources */,
				135B17D51F4C2E9400177BB9 /* Intro.swift in Sources */,
				13059BB81FE8EF2000DE2503 /* Account.swift in Sources */,
				132E440B200A143E000EB4C4 /* Inbox.swift in Sources */,
				72FD72231D37D8D4008CE6AE /* Home.swift in Sources */,
				139FE4421FF3A8B800707246 /* Statistics.swift in Sources */,
				131E715F1FF37804002F61E2 /* Search.swift in Sources */,
				724B97191C522E6D00F7704D /* Login.swift in Sources */,
				4FAC006A222BE4BC000B94C3 /* Password.swift in Sources */,
				13059BC41FEBC1F200DE2503 /* StreamDetails.swift in Sources */,
			);
			runOnlyForDeploymentPostprocessing = 0;
		};
/* End PBXSourcesBuildPhase section */

/* Begin PBXVariantGroup section */
		724B97071C522DF200F7704D /* Main.storyboard */ = {
			isa = PBXVariantGroup;
			children = (
				724B97081C522DF200F7704D /* Base */,
			);
			name = Main.storyboard;
			sourceTree = "<group>";
		};
/* End PBXVariantGroup section */

/* Begin XCBuildConfiguration section */
		724B97101C522DF200F7704D /* Debug */ = {
			isa = XCBuildConfiguration;
			buildSettings = {
				ALWAYS_SEARCH_USER_PATHS = NO;
				CLANG_CXX_LANGUAGE_STANDARD = "gnu++0x";
				CLANG_CXX_LIBRARY = "libc++";
				CLANG_ENABLE_MODULES = YES;
				CLANG_ENABLE_OBJC_ARC = YES;
				CLANG_WARN_BLOCK_CAPTURE_AUTORELEASING = YES;
				CLANG_WARN_BOOL_CONVERSION = YES;
				CLANG_WARN_COMMA = YES;
				CLANG_WARN_CONSTANT_CONVERSION = YES;
				CLANG_WARN_DEPRECATED_OBJC_IMPLEMENTATIONS = YES;
				CLANG_WARN_DIRECT_OBJC_ISA_USAGE = YES_ERROR;
				CLANG_WARN_EMPTY_BODY = YES;
				CLANG_WARN_ENUM_CONVERSION = YES;
				CLANG_WARN_INFINITE_RECURSION = YES;
				CLANG_WARN_INT_CONVERSION = YES;
				CLANG_WARN_NON_LITERAL_NULL_CONVERSION = YES;
				CLANG_WARN_OBJC_IMPLICIT_RETAIN_SELF = YES;
				CLANG_WARN_OBJC_LITERAL_CONVERSION = YES;
				CLANG_WARN_OBJC_ROOT_CLASS = YES_ERROR;
				CLANG_WARN_RANGE_LOOP_ANALYSIS = YES;
				CLANG_WARN_STRICT_PROTOTYPES = YES;
				CLANG_WARN_SUSPICIOUS_MOVE = YES;
				CLANG_WARN_UNREACHABLE_CODE = YES;
				CLANG_WARN__DUPLICATE_METHOD_MATCH = YES;
				"CODE_SIGN_IDENTITY[sdk=iphoneos*]" = "iPhone Developer";
				COPY_PHASE_STRIP = NO;
				DEBUG_INFORMATION_FORMAT = dwarf;
				ENABLE_STRICT_OBJC_MSGSEND = YES;
				ENABLE_TESTABILITY = YES;
				GCC_C_LANGUAGE_STANDARD = gnu99;
				GCC_DYNAMIC_NO_PIC = NO;
				GCC_NO_COMMON_BLOCKS = YES;
				GCC_OPTIMIZATION_LEVEL = 0;
				GCC_PREPROCESSOR_DEFINITIONS = (
					"DEBUG=1",
					"$(inherited)",
				);
				GCC_WARN_64_TO_32_BIT_CONVERSION = YES;
				GCC_WARN_ABOUT_RETURN_TYPE = YES_ERROR;
				GCC_WARN_UNDECLARED_SELECTOR = YES;
				GCC_WARN_UNINITIALIZED_AUTOS = YES_AGGRESSIVE;
				GCC_WARN_UNUSED_FUNCTION = YES;
				GCC_WARN_UNUSED_VARIABLE = YES;
				IPHONEOS_DEPLOYMENT_TARGET = 9.2;
				MTL_ENABLE_DEBUG_INFO = YES;
				ONLY_ACTIVE_ARCH = YES;
				SDKROOT = iphoneos;
				SWIFT_OPTIMIZATION_LEVEL = "-Onone";
				TARGETED_DEVICE_FAMILY = "1,2";
			};
			name = Debug;
		};
		724B97111C522DF200F7704D /* Release */ = {
			isa = XCBuildConfiguration;
			buildSettings = {
				ALWAYS_SEARCH_USER_PATHS = NO;
				CLANG_CXX_LANGUAGE_STANDARD = "gnu++0x";
				CLANG_CXX_LIBRARY = "libc++";
				CLANG_ENABLE_MODULES = YES;
				CLANG_ENABLE_OBJC_ARC = YES;
				CLANG_WARN_BLOCK_CAPTURE_AUTORELEASING = YES;
				CLANG_WARN_BOOL_CONVERSION = YES;
				CLANG_WARN_COMMA = YES;
				CLANG_WARN_CONSTANT_CONVERSION = YES;
				CLANG_WARN_DEPRECATED_OBJC_IMPLEMENTATIONS = YES;
				CLANG_WARN_DIRECT_OBJC_ISA_USAGE = YES_ERROR;
				CLANG_WARN_EMPTY_BODY = YES;
				CLANG_WARN_ENUM_CONVERSION = YES;
				CLANG_WARN_INFINITE_RECURSION = YES;
				CLANG_WARN_INT_CONVERSION = YES;
				CLANG_WARN_NON_LITERAL_NULL_CONVERSION = YES;
				CLANG_WARN_OBJC_IMPLICIT_RETAIN_SELF = YES;
				CLANG_WARN_OBJC_LITERAL_CONVERSION = YES;
				CLANG_WARN_OBJC_ROOT_CLASS = YES_ERROR;
				CLANG_WARN_RANGE_LOOP_ANALYSIS = YES;
				CLANG_WARN_STRICT_PROTOTYPES = YES;
				CLANG_WARN_SUSPICIOUS_MOVE = YES;
				CLANG_WARN_UNREACHABLE_CODE = YES;
				CLANG_WARN__DUPLICATE_METHOD_MATCH = YES;
				"CODE_SIGN_IDENTITY[sdk=iphoneos*]" = "iPhone Developer";
				COPY_PHASE_STRIP = NO;
				DEBUG_INFORMATION_FORMAT = "dwarf-with-dsym";
				ENABLE_NS_ASSERTIONS = NO;
				ENABLE_STRICT_OBJC_MSGSEND = YES;
				GCC_C_LANGUAGE_STANDARD = gnu99;
				GCC_NO_COMMON_BLOCKS = YES;
				GCC_WARN_64_TO_32_BIT_CONVERSION = YES;
				GCC_WARN_ABOUT_RETURN_TYPE = YES_ERROR;
				GCC_WARN_UNDECLARED_SELECTOR = YES;
				GCC_WARN_UNINITIALIZED_AUTOS = YES_AGGRESSIVE;
				GCC_WARN_UNUSED_FUNCTION = YES;
				GCC_WARN_UNUSED_VARIABLE = YES;
				IPHONEOS_DEPLOYMENT_TARGET = 9.2;
				MTL_ENABLE_DEBUG_INFO = NO;
				SDKROOT = iphoneos;
				SWIFT_OPTIMIZATION_LEVEL = "-Owholemodule";
				TARGETED_DEVICE_FAMILY = "1,2";
				VALIDATE_PRODUCT = YES;
			};
			name = Release;
		};
		724B97131C522DF200F7704D /* Debug */ = {
			isa = XCBuildConfiguration;
			buildSettings = {
				ASSETCATALOG_COMPILER_APPICON_NAME = AppIcon;
				ASSETCATALOG_COMPILER_LAUNCHIMAGE_NAME = "Brand Assets";
				CODE_SIGN_ENTITLEMENTS = "Pet-Park/MyStream.entitlements";
				CODE_SIGN_IDENTITY = "iPhone Developer";
				DEVELOPMENT_TEAM = GVEN2YP574;
				ENABLE_BITCODE = NO;
				FRAMEWORK_SEARCH_PATHS = (
					"$(inherited)",
					"$(PROJECT_DIR)/Pet-Park/Facebook",
					"$(PROJECT_DIR)/Pet-Park/Parse",
					"$(PROJECT_DIR)/Pet-Park",
				);
				INFOPLIST_FILE = "$(SRCROOT)/Pet-Park/Info.plist";
				IPHONEOS_DEPLOYMENT_TARGET = 8.0;
				LD_RUNPATH_SEARCH_PATHS = "$(inherited) @executable_path/Frameworks";
				PRODUCT_BUNDLE_IDENTIFIER = "com.noahc.pet-park";
				PRODUCT_NAME = "$(TARGET_NAME)";
				SWIFT_SWIFT3_OBJC_INFERENCE = Default;
				SWIFT_VERSION = 4.0;
				TARGETED_DEVICE_FAMILY = "1,2";
			};
			name = Debug;
		};
		724B97141C522DF200F7704D /* Release */ = {
			isa = XCBuildConfiguration;
			buildSettings = {
				ASSETCATALOG_COMPILER_APPICON_NAME = AppIcon;
				ASSETCATALOG_COMPILER_LAUNCHIMAGE_NAME = "Brand Assets";
				CODE_SIGN_ENTITLEMENTS = "Pet-Park/MyStream.entitlements";
				CODE_SIGN_IDENTITY = "iPhone Developer";
				DEVELOPMENT_TEAM = GVEN2YP574;
				ENABLE_BITCODE = NO;
				FRAMEWORK_SEARCH_PATHS = (
					"$(inherited)",
					"$(PROJECT_DIR)/Pet-Park/Facebook",
					"$(PROJECT_DIR)/Pet-Park/Parse",
					"$(PROJECT_DIR)/Pet-Park",
				);
				INFOPLIST_FILE = "$(SRCROOT)/Pet-Park/Info.plist";
				IPHONEOS_DEPLOYMENT_TARGET = 8.0;
				LD_RUNPATH_SEARCH_PATHS = "$(inherited) @executable_path/Frameworks";
				PRODUCT_BUNDLE_IDENTIFIER = "com.noahc.pet-park";
				PRODUCT_NAME = "$(TARGET_NAME)";
				SWIFT_SWIFT3_OBJC_INFERENCE = Default;
				SWIFT_VERSION = 4.0;
				TARGETED_DEVICE_FAMILY = "1,2";
			};
			name = Release;
		};
/* End XCBuildConfiguration section */

/* Begin XCConfigurationList section */
		724B96FB1C522DF100F7704D /* Build configuration list for PBXProject "Pet-Park" */ = {
			isa = XCConfigurationList;
			buildConfigurations = (
				724B97101C522DF200F7704D /* Debug */,
				724B97111C522DF200F7704D /* Release */,
			);
			defaultConfigurationIsVisible = 0;
			defaultConfigurationName = Release;
		};
		724B97121C522DF200F7704D /* Build configuration list for PBXNativeTarget "Pet-Park" */ = {
			isa = XCConfigurationList;
			buildConfigurations = (
				724B97131C522DF200F7704D /* Debug */,
				724B97141C522DF200F7704D /* Release */,
			);
			defaultConfigurationIsVisible = 0;
			defaultConfigurationName = Release;
		};
/* End XCConfigurationList section */
	};
	rootObject = 724B96F81C522DF100F7704D /* Project object */;
}
